
Microsoft Visual Studio Solution File, Format Version 12.00
# Visual Studio Version 17
VisualStudioVersion = 17.7.34202.233
MinimumVisualStudioVersion = 10.0.40219.1
Project("{9A19103F-16F7-4668-BE54-9A1E7A4F7556}") = "Coupon.API", "Coupon-Service\Coupon.API.csproj", "{599DE3BB-E31B-4AEA-BF54-A4D75D1C1F5F}"
EndProject
Project("{9A19103F-16F7-4668-BE54-9A1E7A4F7556}") = "Coupon.Application", "Coupon.Application\Coupon.Application.csproj", "{6F1057A1-E5AC-4CE5-B4E8-AB3A49A0FC47}"
EndProject
Project("{9A19103F-16F7-4668-BE54-9A1E7A4F7556}") = "Coupon.Domain", "Coupon.Domain\Coupon.Domain.csproj", "{5C9DDEBC-9F8D-45E3-9E84-2E9DA775273F}"
EndProject
Project("{9A19103F-16F7-4668-BE54-9A1E7A4F7556}") = "Coupon.Infrastructure", "Coupon.Infrastructure\Coupon.Infrastructure.csproj", "{950F0E3F-9870-4BBC-8E3C-351467F48CE0}"
EndProject
Project("{9A19103F-16F7-4668-BE54-9A1E7A4F7556}") = "Coupon.Api.Tests", "Coupon.Api.Tests\Coupon.Api.Tests.csproj", "{6E87909B-77F1-45F5-869F-18E3EC21829E}"
EndProject
Global
	GlobalSection(SolutionConfigurationPlatforms) = preSolution
		Debug|Any CPU = Debug|Any CPU
		Release|Any CPU = Release|Any CPU
	EndGlobalSection
	GlobalSection(ProjectConfigurationPlatforms) = postSolution
		{599DE3BB-E31B-4AEA-BF54-A4D75D1C1F5F}.Debug|Any CPU.ActiveCfg = Debug|Any CPU
		{599DE3BB-E31B-4AEA-BF54-A4D75D1C1F5F}.Debug|Any CPU.Build.0 = Debug|Any CPU
		{599DE3BB-E31B-4AEA-BF54-A4D75D1C1F5F}.Release|Any CPU.ActiveCfg = Release|Any CPU
		{599DE3BB-E31B-4AEA-BF54-A4D75D1C1F5F}.Release|Any CPU.Build.0 = Release|Any CPU
		{6F1057A1-E5AC-4CE5-B4E8-AB3A49A0FC47}.Debug|Any CPU.ActiveCfg = Debug|Any CPU
		{6F1057A1-E5AC-4CE5-B4E8-AB3A49A0FC47}.Debug|Any CPU.Build.0 = Debug|Any CPU
		{6F1057A1-E5AC-4CE5-B4E8-AB3A49A0FC47}.Release|Any CPU.ActiveCfg = Release|Any CPU
		{6F1057A1-E5AC-4CE5-B4E8-AB3A49A0FC47}.Release|Any CPU.Build.0 = Release|Any CPU
		{5C9DDEBC-9F8D-45E3-9E84-2E9DA775273F}.Debug|Any CPU.ActiveCfg = Debug|Any CPU
		{5C9DDEBC-9F8D-45E3-9E84-2E9DA775273F}.Debug|Any CPU.Build.0 = Debug|Any CPU
		{5C9DDEBC-9F8D-45E3-9E84-2E9DA775273F}.Release|Any CPU.ActiveCfg = Release|Any CPU
		{5C9DDEBC-9F8D-45E3-9E84-2E9DA775273F}.Release|Any CPU.Build.0 = Release|Any CPU
		{950F0E3F-9870-4BBC-8E3C-351467F48CE0}.Debug|Any CPU.ActiveCfg = Debug|Any CPU
		{950F0E3F-9870-4BBC-8E3C-351467F48CE0}.Debug|Any CPU.Build.0 = Debug|Any CPU
		{950F0E3F-9870-4BBC-8E3C-351467F48CE0}.Release|Any CPU.ActiveCfg = Release|Any CPU
		{950F0E3F-9870-4BBC-8E3C-351467F48CE0}.Release|Any CPU.Build.0 = Release|Any CPU
		{6E87909B-77F1-45F5-869F-18E3EC21829E}.Debug|Any CPU.ActiveCfg = Debug|Any CPU
		{6E87909B-77F1-45F5-869F-18E3EC21829E}.Debug|Any CPU.Build.0 = Debug|Any CPU
		{6E87909B-77F1-45F5-869F-18E3EC21829E}.Release|Any CPU.ActiveCfg = Release|Any CPU
		{6E87909B-77F1-45F5-869F-18E3EC21829E}.Release|Any CPU.Build.0 = Release|Any CPU
	EndGlobalSection
	GlobalSection(SolutionProperties) = preSolution
		HideSolutionNode = FALSE
	EndGlobalSection
	GlobalSection(ExtensibilityGlobals) = postSolution
		SolutionGuid = {BEBF6738-CC1B-4ACC-BF1B-733A430568D3}
	EndGlobalSection
EndGlobal
